// !$*UTF8*$!
{
	archiveVersion = 1;
	classes = {
	};
	objectVersion = 50;
	objects = {

/* Begin PBXBuildFile section */
		8C293FDC24EF4A270037073C /* AppDelegate.swift in Sources */ = {isa = PBXBuildFile; fileRef = 8C293FDB24EF4A270037073C /* AppDelegate.swift */; };
		8C293FE324EF4A270037073C /* Main.storyboard in Resources */ = {isa = PBXBuildFile; fileRef = 8C293FE124EF4A270037073C /* Main.storyboard */; };
		8C293FE524EF4A290037073C /* Assets.xcassets in Resources */ = {isa = PBXBuildFile; fileRef = 8C293FE424EF4A290037073C /* Assets.xcassets */; };
		8C293FE824EF4A290037073C /* LaunchScreen.storyboard in Resources */ = {isa = PBXBuildFile; fileRef = 8C293FE624EF4A290037073C /* LaunchScreen.storyboard */; };
		8C293FF124EF4CBE0037073C /* HomeViewController.swift in Sources */ = {isa = PBXBuildFile; fileRef = 8C293FEF24EF4CBE0037073C /* HomeViewController.swift */; };
		8C293FF224EF4CBE0037073C /* HomeViewController.xib in Resources */ = {isa = PBXBuildFile; fileRef = 8C293FF024EF4CBE0037073C /* HomeViewController.xib */; };
		8C293FF424EF4D4E0037073C /* Post.swift in Sources */ = {isa = PBXBuildFile; fileRef = 8C293FF324EF4D4E0037073C /* Post.swift */; };
		8C293FF624EF4D570037073C /* Comment.swift in Sources */ = {isa = PBXBuildFile; fileRef = 8C293FF524EF4D570037073C /* Comment.swift */; };
		8C293FF824EF4E6C0037073C /* PostService.swift in Sources */ = {isa = PBXBuildFile; fileRef = 8C293FF724EF4E6C0037073C /* PostService.swift */; };
		8C293FFE24EF62CA0037073C /* CommentsViewController.swift in Sources */ = {isa = PBXBuildFile; fileRef = 8C293FFC24EF62CA0037073C /* CommentsViewController.swift */; };
		8C293FFF24EF62CA0037073C /* CommentsViewController.xib in Resources */ = {isa = PBXBuildFile; fileRef = 8C293FFD24EF62CA0037073C /* CommentsViewController.xib */; };
		8C29402624F085F20037073C /* CommentService.swift in Sources */ = {isa = PBXBuildFile; fileRef = 8C29402524F085F20037073C /* CommentService.swift */; };
		8C83EE9324F4616F006F52C7 /* PostViewModel.swift in Sources */ = {isa = PBXBuildFile; fileRef = 8C83EE9224F4616F006F52C7 /* PostViewModel.swift */; };
		8C83EE9524F46179006F52C7 /* CommentViewModel.swift in Sources */ = {isa = PBXBuildFile; fileRef = 8C83EE9424F46179006F52C7 /* CommentViewModel.swift */; };
		8C83EEB024F4A7D4006F52C7 /* ChemoWave_Take_Home_ProjectTests.swift in Sources */ = {isa = PBXBuildFile; fileRef = 8C83EEAF24F4A7D4006F52C7 /* ChemoWave_Take_Home_ProjectTests.swift */; };
/* End PBXBuildFile section */

/* Begin PBXContainerItemProxy section */
		8C83EEB224F4A7D4006F52C7 /* PBXContainerItemProxy */ = {
			isa = PBXContainerItemProxy;
			containerPortal = 8C293FD024EF4A270037073C /* Project object */;
			proxyType = 1;
			remoteGlobalIDString = 8C293FD724EF4A270037073C;
			remoteInfo = "ChemoWave Take-Home Project";
		};
/* End PBXContainerItemProxy section */

/* Begin PBXFileReference section */
		8C293FD824EF4A270037073C /* ChemoWave Take-Home Project.app */ = {isa = PBXFileReference; explicitFileType = wrapper.application; includeInIndex = 0; path = "ChemoWave Take-Home Project.app"; sourceTree = BUILT_PRODUCTS_DIR; };
		8C293FDB24EF4A270037073C /* AppDelegate.swift */ = {isa = PBXFileReference; lastKnownFileType = sourcecode.swift; path = AppDelegate.swift; sourceTree = "<group>"; };
		8C293FE224EF4A270037073C /* Base */ = {isa = PBXFileReference; lastKnownFileType = file.storyboard; name = Base; path = Base.lproj/Main.storyboard; sourceTree = "<group>"; };
		8C293FE424EF4A290037073C /* Assets.xcassets */ = {isa = PBXFileReference; lastKnownFileType = folder.assetcatalog; path = Assets.xcassets; sourceTree = "<group>"; };
		8C293FE724EF4A290037073C /* Base */ = {isa = PBXFileReference; lastKnownFileType = file.storyboard; name = Base; path = Base.lproj/LaunchScreen.storyboard; sourceTree = "<group>"; };
		8C293FE924EF4A290037073C /* Info.plist */ = {isa = PBXFileReference; lastKnownFileType = text.plist.xml; path = Info.plist; sourceTree = "<group>"; };
		8C293FEF24EF4CBE0037073C /* HomeViewController.swift */ = {isa = PBXFileReference; lastKnownFileType = sourcecode.swift; path = HomeViewController.swift; sourceTree = "<group>"; };
		8C293FF024EF4CBE0037073C /* HomeViewController.xib */ = {isa = PBXFileReference; lastKnownFileType = file.xib; path = HomeViewController.xib; sourceTree = "<group>"; };
		8C293FF324EF4D4E0037073C /* Post.swift */ = {isa = PBXFileReference; lastKnownFileType = sourcecode.swift; path = Post.swift; sourceTree = "<group>"; };
		8C293FF524EF4D570037073C /* Comment.swift */ = {isa = PBXFileReference; lastKnownFileType = sourcecode.swift; path = Comment.swift; sourceTree = "<group>"; };
		8C293FF724EF4E6C0037073C /* PostService.swift */ = {isa = PBXFileReference; lastKnownFileType = sourcecode.swift; path = PostService.swift; sourceTree = "<group>"; };
		8C293FFC24EF62CA0037073C /* CommentsViewController.swift */ = {isa = PBXFileReference; lastKnownFileType = sourcecode.swift; path = CommentsViewController.swift; sourceTree = "<group>"; };
		8C293FFD24EF62CA0037073C /* CommentsViewController.xib */ = {isa = PBXFileReference; lastKnownFileType = file.xib; path = CommentsViewController.xib; sourceTree = "<group>"; };
		8C29402524F085F20037073C /* CommentService.swift */ = {isa = PBXFileReference; lastKnownFileType = sourcecode.swift; path = CommentService.swift; sourceTree = "<group>"; };
		8C83EE9224F4616F006F52C7 /* PostViewModel.swift */ = {isa = PBXFileReference; lastKnownFileType = sourcecode.swift; path = PostViewModel.swift; sourceTree = "<group>"; };
		8C83EE9424F46179006F52C7 /* CommentViewModel.swift */ = {isa = PBXFileReference; lastKnownFileType = sourcecode.swift; path = CommentViewModel.swift; sourceTree = "<group>"; };
		8C83EEAD24F4A7D4006F52C7 /* ChemoWave Take-Home ProjectTests.xctest */ = {isa = PBXFileReference; explicitFileType = wrapper.cfbundle; includeInIndex = 0; path = "ChemoWave Take-Home ProjectTests.xctest"; sourceTree = BUILT_PRODUCTS_DIR; };
		8C83EEAF24F4A7D4006F52C7 /* ChemoWave_Take_Home_ProjectTests.swift */ = {isa = PBXFileReference; lastKnownFileType = sourcecode.swift; path = ChemoWave_Take_Home_ProjectTests.swift; sourceTree = "<group>"; };
		8C83EEB124F4A7D4006F52C7 /* Info.plist */ = {isa = PBXFileReference; lastKnownFileType = text.plist.xml; path = Info.plist; sourceTree = "<group>"; };
/* End PBXFileReference section */

/* Begin PBXFrameworksBuildPhase section */
		8C293FD524EF4A270037073C /* Frameworks */ = {
			isa = PBXFrameworksBuildPhase;
			buildActionMask = 2147483647;
			files = (
			);
			runOnlyForDeploymentPostprocessing = 0;
		};
		8C83EEAA24F4A7D4006F52C7 /* Frameworks */ = {
			isa = PBXFrameworksBuildPhase;
			buildActionMask = 2147483647;
			files = (
			);
			runOnlyForDeploymentPostprocessing = 0;
		};
/* End PBXFrameworksBuildPhase section */

/* Begin PBXGroup section */
		8C293FCF24EF4A270037073C = {
			isa = PBXGroup;
			children = (
				8C293FDA24EF4A270037073C /* ChemoWave Take-Home Project */,
				8C83EEAE24F4A7D4006F52C7 /* ChemoWave Take-Home ProjectTests */,
				8C293FD924EF4A270037073C /* Products */,
			);
			sourceTree = "<group>";
		};
		8C293FD924EF4A270037073C /* Products */ = {
			isa = PBXGroup;
			children = (
				8C293FD824EF4A270037073C /* ChemoWave Take-Home Project.app */,
				8C83EEAD24F4A7D4006F52C7 /* ChemoWave Take-Home ProjectTests.xctest */,
			);
			name = Products;
			sourceTree = "<group>";
		};
		8C293FDA24EF4A270037073C /* ChemoWave Take-Home Project */ = {
			isa = PBXGroup;
			children = (
				8C293FDB24EF4A270037073C /* AppDelegate.swift */,
				8C293FFB24EF4E8C0037073C /* Views */,
				8C293FFA24EF4E820037073C /* Models */,
				8C29400024EF83800037073C /* View Models */,
				8C293FF924EF4E740037073C /* Service */,
				8C293FE124EF4A270037073C /* Main.storyboard */,
				8C293FE424EF4A290037073C /* Assets.xcassets */,
				8C293FE624EF4A290037073C /* LaunchScreen.storyboard */,
				8C293FE924EF4A290037073C /* Info.plist */,
			);
			path = "ChemoWave Take-Home Project";
			sourceTree = "<group>";
		};
		8C293FF924EF4E740037073C /* Service */ = {
			isa = PBXGroup;
			children = (
				8C293FF724EF4E6C0037073C /* PostService.swift */,
				8C29402524F085F20037073C /* CommentService.swift */,
			);
			path = Service;
			sourceTree = "<group>";
		};
		8C293FFA24EF4E820037073C /* Models */ = {
			isa = PBXGroup;
			children = (
				8C293FF324EF4D4E0037073C /* Post.swift */,
				8C293FF524EF4D570037073C /* Comment.swift */,
			);
			path = Models;
			sourceTree = "<group>";
		};
		8C293FFB24EF4E8C0037073C /* Views */ = {
			isa = PBXGroup;
			children = (
				8C293FEF24EF4CBE0037073C /* HomeViewController.swift */,
				8C293FF024EF4CBE0037073C /* HomeViewController.xib */,
				8C293FFC24EF62CA0037073C /* CommentsViewController.swift */,
				8C293FFD24EF62CA0037073C /* CommentsViewController.xib */,
			);
			path = Views;
			sourceTree = "<group>";
		};
		8C29400024EF83800037073C /* View Models */ = {
			isa = PBXGroup;
			children = (
				8C83EE9224F4616F006F52C7 /* PostViewModel.swift */,
				8C83EE9424F46179006F52C7 /* CommentViewModel.swift */,
			);
			path = "View Models";
			sourceTree = "<group>";
		};
		8C83EEAE24F4A7D4006F52C7 /* ChemoWave Take-Home ProjectTests */ = {
			isa = PBXGroup;
			children = (
				8C83EEAF24F4A7D4006F52C7 /* ChemoWave_Take_Home_ProjectTests.swift */,
				8C83EEB124F4A7D4006F52C7 /* Info.plist */,
			);
			path = "ChemoWave Take-Home ProjectTests";
			sourceTree = "<group>";
		};
/* End PBXGroup section */

/* Begin PBXNativeTarget section */
		8C293FD724EF4A270037073C /* ChemoWave Take-Home Project */ = {
			isa = PBXNativeTarget;
			buildConfigurationList = 8C293FEC24EF4A290037073C /* Build configuration list for PBXNativeTarget "ChemoWave Take-Home Project" */;
			buildPhases = (
				8C293FD424EF4A270037073C /* Sources */,
				8C293FD524EF4A270037073C /* Frameworks */,
				8C293FD624EF4A270037073C /* Resources */,
			);
			buildRules = (
			);
			dependencies = (
			);
			name = "ChemoWave Take-Home Project";
			productName = "ChemoWave Take-Home Project";
			productReference = 8C293FD824EF4A270037073C /* ChemoWave Take-Home Project.app */;
			productType = "com.apple.product-type.application";
		};
		8C83EEAC24F4A7D4006F52C7 /* ChemoWave Take-Home ProjectTests */ = {
			isa = PBXNativeTarget;
			buildConfigurationList = 8C83EEB424F4A7D4006F52C7 /* Build configuration list for PBXNativeTarget "ChemoWave Take-Home ProjectTests" */;
			buildPhases = (
				8C83EEA924F4A7D4006F52C7 /* Sources */,
				8C83EEAA24F4A7D4006F52C7 /* Frameworks */,
				8C83EEAB24F4A7D4006F52C7 /* Resources */,
			);
			buildRules = (
			);
			dependencies = (
				8C83EEB324F4A7D4006F52C7 /* PBXTargetDependency */,
			);
			name = "ChemoWave Take-Home ProjectTests";
			productName = "ChemoWave Take-Home ProjectTests";
			productReference = 8C83EEAD24F4A7D4006F52C7 /* ChemoWave Take-Home ProjectTests.xctest */;
			productType = "com.apple.product-type.bundle.unit-test";
		};
/* End PBXNativeTarget section */

/* Begin PBXProject section */
		8C293FD024EF4A270037073C /* Project object */ = {
			isa = PBXProject;
			attributes = {
				LastSwiftUpdateCheck = 1130;
				LastUpgradeCheck = 1130;
				ORGANIZATIONNAME = "Valerie Don";
				TargetAttributes = {
					8C293FD724EF4A270037073C = {
						CreatedOnToolsVersion = 11.3.1;
					};
					8C83EEAC24F4A7D4006F52C7 = {
						CreatedOnToolsVersion = 11.3.1;
						TestTargetID = 8C293FD724EF4A270037073C;
					};
				};
			};
			buildConfigurationList = 8C293FD324EF4A270037073C /* Build configuration list for PBXProject "ChemoWave Take-Home Project" */;
			compatibilityVersion = "Xcode 9.3";
			developmentRegion = en;
			hasScannedForEncodings = 0;
			knownRegions = (
				en,
				Base,
			);
			mainGroup = 8C293FCF24EF4A270037073C;
			productRefGroup = 8C293FD924EF4A270037073C /* Products */;
			projectDirPath = "";
			projectRoot = "";
			targets = (
				8C293FD724EF4A270037073C /* ChemoWave Take-Home Project */,
				8C83EEAC24F4A7D4006F52C7 /* ChemoWave Take-Home ProjectTests */,
			);
		};
/* End PBXProject section */

/* Begin PBXResourcesBuildPhase section */
		8C293FD624EF4A270037073C /* Resources */ = {
			isa = PBXResourcesBuildPhase;
			buildActionMask = 2147483647;
			files = (
				8C293FFF24EF62CA0037073C /* CommentsViewController.xib in Resources */,
				8C293FE824EF4A290037073C /* LaunchScreen.storyboard in Resources */,
				8C293FE524EF4A290037073C /* Assets.xcassets in Resources */,
				8C293FE324EF4A270037073C /* Main.storyboard in Resources */,
				8C293FF224EF4CBE0037073C /* HomeViewController.xib in Resources */,
			);
			runOnlyForDeploymentPostprocessing = 0;
		};
		8C83EEAB24F4A7D4006F52C7 /* Resources */ = {
			isa = PBXResourcesBuildPhase;
			buildActionMask = 2147483647;
			files = (
			);
			runOnlyForDeploymentPostprocessing = 0;
		};
/* End PBXResourcesBuildPhase section */

/* Begin PBXSourcesBuildPhase section */
		8C293FD424EF4A270037073C /* Sources */ = {
			isa = PBXSourcesBuildPhase;
			buildActionMask = 2147483647;
			files = (
				8C83EE9524F46179006F52C7 /* CommentViewModel.swift in Sources */,
				8C83EE9324F4616F006F52C7 /* PostViewModel.swift in Sources */,
				8C293FF824EF4E6C0037073C /* PostService.swift in Sources */,
				8C293FF424EF4D4E0037073C /* Post.swift in Sources */,
				8C293FFE24EF62CA0037073C /* CommentsViewController.swift in Sources */,
				8C293FDC24EF4A270037073C /* AppDelegate.swift in Sources */,
				8C293FF124EF4CBE0037073C /* HomeViewController.swift in Sources */,
				8C293FF624EF4D570037073C /* Comment.swift in Sources */,
				8C29402624F085F20037073C /* CommentService.swift in Sources */,
			);
			runOnlyForDeploymentPostprocessing = 0;
		};
		8C83EEA924F4A7D4006F52C7 /* Sources */ = {
			isa = PBXSourcesBuildPhase;
			buildActionMask = 2147483647;
			files = (
				8C83EEB024F4A7D4006F52C7 /* ChemoWave_Take_Home_ProjectTests.swift in Sources */,
			);
			runOnlyForDeploymentPostprocessing = 0;
		};
/* End PBXSourcesBuildPhase section */

/* Begin PBXTargetDependency section */
		8C83EEB324F4A7D4006F52C7 /* PBXTargetDependency */ = {
			isa = PBXTargetDependency;
			target = 8C293FD724EF4A270037073C /* ChemoWave Take-Home Project */;
			targetProxy = 8C83EEB224F4A7D4006F52C7 /* PBXContainerItemProxy */;
		};
/* End PBXTargetDependency section */

/* Begin PBXVariantGroup section */
		8C293FE124EF4A270037073C /* Main.storyboard */ = {
			isa = PBXVariantGroup;
			children = (
				8C293FE224EF4A270037073C /* Base */,
			);
			name = Main.storyboard;
			sourceTree = "<group>";
		};
		8C293FE624EF4A290037073C /* LaunchScreen.storyboard */ = {
			isa = PBXVariantGroup;
			children = (
				8C293FE724EF4A290037073C /* Base */,
			);
			name = LaunchScreen.storyboard;
			sourceTree = "<group>";
		};
/* End PBXVariantGroup section */

/* Begin XCBuildConfiguration section */
		8C293FEA24EF4A290037073C /* Debug */ = {
			isa = XCBuildConfiguration;
			buildSettings = {
				ALWAYS_SEARCH_USER_PATHS = NO;
				CLANG_ANALYZER_NONNULL = YES;
				CLANG_ANALYZER_NUMBER_OBJECT_CONVERSION = YES_AGGRESSIVE;
				CLANG_CXX_LANGUAGE_STANDARD = "gnu++14";
				CLANG_CXX_LIBRARY = "libc++";
				CLANG_ENABLE_MODULES = YES;
				CLANG_ENABLE_OBJC_ARC = YES;
				CLANG_ENABLE_OBJC_WEAK = YES;
				CLANG_WARN_BLOCK_CAPTURE_AUTORELEASING = YES;
				CLANG_WARN_BOOL_CONVERSION = YES;
				CLANG_WARN_COMMA = YES;
				CLANG_WARN_CONSTANT_CONVERSION = YES;
				CLANG_WARN_DEPRECATED_OBJC_IMPLEMENTATIONS = YES;
				CLANG_WARN_DIRECT_OBJC_ISA_USAGE = YES_ERROR;
				CLANG_WARN_DOCUMENTATION_COMMENTS = YES;
				CLANG_WARN_EMPTY_BODY = YES;
				CLANG_WARN_ENUM_CONVERSION = YES;
				CLANG_WARN_INFINITE_RECURSION = YES;
				CLANG_WARN_INT_CONVERSION = YES;
				CLANG_WARN_NON_LITERAL_NULL_CONVERSION = YES;
				CLANG_WARN_OBJC_IMPLICIT_RETAIN_SELF = YES;
				CLANG_WARN_OBJC_LITERAL_CONVERSION = YES;
				CLANG_WARN_OBJC_ROOT_CLASS = YES_ERROR;
				CLANG_WARN_RANGE_LOOP_ANALYSIS = YES;
				CLANG_WARN_STRICT_PROTOTYPES = YES;
				CLANG_WARN_SUSPICIOUS_MOVE = YES;
				CLANG_WARN_UNGUARDED_AVAILABILITY = YES_AGGRESSIVE;
				CLANG_WARN_UNREACHABLE_CODE = YES;
				CLANG_WARN__DUPLICATE_METHOD_MATCH = YES;
				COPY_PHASE_STRIP = NO;
				DEBUG_INFORMATION_FORMAT = dwarf;
				ENABLE_STRICT_OBJC_MSGSEND = YES;
				ENABLE_TESTABILITY = YES;
				GCC_C_LANGUAGE_STANDARD = gnu11;
				GCC_DYNAMIC_NO_PIC = NO;
				GCC_NO_COMMON_BLOCKS = YES;
				GCC_OPTIMIZATION_LEVEL = 0;
				GCC_PREPROCESSOR_DEFINITIONS = (
					"DEBUG=1",
					"$(inherited)",
				);
				GCC_WARN_64_TO_32_BIT_CONVERSION = YES;
				GCC_WARN_ABOUT_RETURN_TYPE = YES_ERROR;
				GCC_WARN_UNDECLARED_SELECTOR = YES;
				GCC_WARN_UNINITIALIZED_AUTOS = YES_AGGRESSIVE;
				GCC_WARN_UNUSED_FUNCTION = YES;
				GCC_WARN_UNUSED_VARIABLE = YES;
				IPHONEOS_DEPLOYMENT_TARGET = 13.2;
				MTL_ENABLE_DEBUG_INFO = INCLUDE_SOURCE;
				MTL_FAST_MATH = YES;
				ONLY_ACTIVE_ARCH = YES;
				SDKROOT = iphoneos;
				SWIFT_ACTIVE_COMPILATION_CONDITIONS = DEBUG;
				SWIFT_OPTIMIZATION_LEVEL = "-Onone";
			};
			name = Debug;
		};
		8C293FEB24EF4A290037073C /* Release */ = {
			isa = XCBuildConfiguration;
			buildSettings = {
				ALWAYS_SEARCH_USER_PATHS = NO;
				CLANG_ANALYZER_NONNULL = YES;
				CLANG_ANALYZER_NUMBER_OBJECT_CONVERSION = YES_AGGRESSIVE;
				CLANG_CXX_LANGUAGE_STANDARD = "gnu++14";
				CLANG_CXX_LIBRARY = "libc++";
				CLANG_ENABLE_MODULES = YES;
				CLANG_ENABLE_OBJC_ARC = YES;
				CLANG_ENABLE_OBJC_WEAK = YES;
				CLANG_WARN_BLOCK_CAPTURE_AUTORELEASING = YES;
				CLANG_WARN_BOOL_CONVERSION = YES;
				CLANG_WARN_COMMA = YES;
				CLANG_WARN_CONSTANT_CONVERSION = YES;
				CLANG_WARN_DEPRECATED_OBJC_IMPLEMENTATIONS = YES;
				CLANG_WARN_DIRECT_OBJC_ISA_USAGE = YES_ERROR;
				CLANG_WARN_DOCUMENTATION_COMMENTS = YES;
				CLANG_WARN_EMPTY_BODY = YES;
				CLANG_WARN_ENUM_CONVERSION = YES;
				CLANG_WARN_INFINITE_RECURSION = YES;
				CLANG_WARN_INT_CONVERSION = YES;
				CLANG_WARN_NON_LITERAL_NULL_CONVERSION = YES;
				CLANG_WARN_OBJC_IMPLICIT_RETAIN_SELF = YES;
				CLANG_WARN_OBJC_LITERAL_CONVERSION = YES;
				CLANG_WARN_OBJC_ROOT_CLASS = YES_ERROR;
				CLANG_WARN_RANGE_LOOP_ANALYSIS = YES;
				CLANG_WARN_STRICT_PROTOTYPES = YES;
				CLANG_WARN_SUSPICIOUS_MOVE = YES;
				CLANG_WARN_UNGUARDED_AVAILABILITY = YES_AGGRESSIVE;
				CLANG_WARN_UNREACHABLE_CODE = YES;
				CLANG_WARN__DUPLICATE_METHOD_MATCH = YES;
				COPY_PHASE_STRIP = NO;
				DEBUG_INFORMATION_FORMAT = "dwarf-with-dsym";
				ENABLE_NS_ASSERTIONS = NO;
				ENABLE_STRICT_OBJC_MSGSEND = YES;
				GCC_C_LANGUAGE_STANDARD = gnu11;
				GCC_NO_COMMON_BLOCKS = YES;
				GCC_WARN_64_TO_32_BIT_CONVERSION = YES;
				GCC_WARN_ABOUT_RETURN_TYPE = YES_ERROR;
				GCC_WARN_UNDECLARED_SELECTOR = YES;
				GCC_WARN_UNINITIALIZED_AUTOS = YES_AGGRESSIVE;
				GCC_WARN_UNUSED_FUNCTION = YES;
				GCC_WARN_UNUSED_VARIABLE = YES;
				IPHONEOS_DEPLOYMENT_TARGET = 13.2;
				MTL_ENABLE_DEBUG_INFO = NO;
				MTL_FAST_MATH = YES;
				SDKROOT = iphoneos;
				SWIFT_COMPILATION_MODE = wholemodule;
				SWIFT_OPTIMIZATION_LEVEL = "-O";
				VALIDATE_PRODUCT = YES;
			};
			name = Release;
		};
		8C293FED24EF4A290037073C /* Debug */ = {
			isa = XCBuildConfiguration;
			buildSettings = {
				ASSETCATALOG_COMPILER_APPICON_NAME = AppIcon;
				CODE_SIGN_STYLE = Automatic;
				DEVELOPMENT_TEAM = 445RAN3N26;
				INFOPLIST_FILE = "ChemoWave Take-Home Project/Info.plist";
				LD_RUNPATH_SEARCH_PATHS = (
					"$(inherited)",
					"@executable_path/Frameworks",
				);
				PRODUCT_BUNDLE_IDENTIFIER = "ValerieDon.ChemoWave-Take-Home-Project";
				PRODUCT_NAME = "$(TARGET_NAME)";
				SWIFT_VERSION = 5.0;
				TARGETED_DEVICE_FAMILY = "1,2";
			};
			name = Debug;
		};
		8C293FEE24EF4A290037073C /* Release */ = {
			isa = XCBuildConfiguration;
			buildSettings = {
				ASSETCATALOG_COMPILER_APPICON_NAME = AppIcon;
				CODE_SIGN_STYLE = Automatic;
				DEVELOPMENT_TEAM = 445RAN3N26;
				INFOPLIST_FILE = "ChemoWave Take-Home Project/Info.plist";
				LD_RUNPATH_SEARCH_PATHS = (
					"$(inherited)",
					"@executable_path/Frameworks",
				);
				PRODUCT_BUNDLE_IDENTIFIER = "ValerieDon.ChemoWave-Take-Home-Project";
				PRODUCT_NAME = "$(TARGET_NAME)";
				SWIFT_VERSION = 5.0;
				TARGETED_DEVICE_FAMILY = "1,2";
			};
			name = Release;
		};
		8C83EEB524F4A7D4006F52C7 /* Debug */ = {
			isa = XCBuildConfiguration;
			buildSettings = {
				BUNDLE_LOADER = "$(TEST_HOST)";
				CODE_SIGN_STYLE = Automatic;
				DEVELOPMENT_TEAM = 445RAN3N26;
				INFOPLIST_FILE = "ChemoWave Take-Home ProjectTests/Info.plist";
				LD_RUNPATH_SEARCH_PATHS = (
					"$(inherited)",
					"@executable_path/Frameworks",
					"@loader_path/Frameworks",
				);
				PRODUCT_BUNDLE_IDENTIFIER = "ValerieDon.ChemoWave-Take-Home-ProjectTests";
				PRODUCT_NAME = "$(TARGET_NAME)";
				SWIFT_VERSION = 5.0;
				TARGETED_DEVICE_FAMILY = "1,2";
				TEST_HOST = "$(BUILT_PRODUCTS_DIR)/ChemoWave Take-Home Project.app/ChemoWave Take-Home Project";
			};
			name = Debug;
		};
		8C83EEB624F4A7D4006F52C7 /* Release */ = {
			isa = XCBuildConfiguration;
			buildSettings = {
				BUNDLE_LOADER = "$(TEST_HOST)";
				CODE_SIGN_STYLE = Automatic;
				DEVELOPMENT_TEAM = 445RAN3N26;
				INFOPLIST_FILE = "ChemoWave Take-Home ProjectTests/Info.plist";
				LD_RUNPATH_SEARCH_PATHS = (
					"$(inherited)",
					"@executable_path/Frameworks",
					"@loader_path/Frameworks",
				);
				PRODUCT_BUNDLE_IDENTIFIER = "ValerieDon.ChemoWave-Take-Home-ProjectTests";
				PRODUCT_NAME = "$(TARGET_NAME)";
				SWIFT_VERSION = 5.0;
				TARGETED_DEVICE_FAMILY = "1,2";
				TEST_HOST = "$(BUILT_PRODUCTS_DIR)/ChemoWave Take-Home Project.app/ChemoWave Take-Home Project";
			};
			name = Release;
		};
/* End XCBuildConfiguration section */

/* Begin XCConfigurationList section */
		8C293FD324EF4A270037073C /* Build configuration list for PBXProject "ChemoWave Take-Home Project" */ = {
			isa = XCConfigurationList;
			buildConfigurations = (
				8C293FEA24EF4A290037073C /* Debug */,
				8C293FEB24EF4A290037073C /* Release */,
			);
			defaultConfigurationIsVisible = 0;
			defaultConfigurationName = Release;
		};
		8C293FEC24EF4A290037073C /* Build configuration list for PBXNativeTarget "ChemoWave Take-Home Project" */ = {
			isa = XCConfigurationList;
			buildConfigurations = (
				8C293FED24EF4A290037073C /* Debug */,
				8C293FEE24EF4A290037073C /* Release */,
			);
			defaultConfigurationIsVisible = 0;
			defaultConfigurationName = Release;
		};
		8C83EEB424F4A7D4006F52C7 /* Build configuration list for PBXNativeTarget "ChemoWave Take-Home ProjectTests" */ = {
			isa = XCConfigurationList;
			buildConfigurations = (
				8C83EEB524F4A7D4006F52C7 /* Debug */,
				8C83EEB624F4A7D4006F52C7 /* Release */,
			);
			defaultConfigurationIsVisible = 0;
			defaultConfigurationName = Release;
		};
/* End XCConfigurationList section */
	};
	rootObject = 8C293FD024EF4A270037073C /* Project object */;
}
